
Microsoft Visual Studio Solution File, Format Version 12.00
# Visual Studio Version 16
VisualStudioVersion = 16.0.29326.143
MinimumVisualStudioVersion = 10.0.40219.1
Project("{9A19103F-16F7-4668-BE54-9A1E7A4F7556}") = "Procedural", "SheepsProceduralAlgorithms\Procedural.csproj", "{965DBEC3-65AA-4754-981E-875692CB4AA1}"
EndProject
Project("{9A19103F-16F7-4668-BE54-9A1E7A4F7556}") = "ProceduralTest", "ProceduralTest\ProceduralTest.csproj", "{99D50EC5-7A35-43B4-B9D5-FB505E5E5124}"
EndProject
Project("{FAE04EC0-301F-11D3-BF4B-00C04F79EFBC}") = "ProceduralTestPerlin1D", "ProceduralTestPerlin1D\ProceduralTestPerlin1D.csproj", "{BB45FC08-C619-4F7E-AB4D-39B40B94A4C2}"
EndProject
Global
	GlobalSection(SolutionConfigurationPlatforms) = preSolution
		Debug|Any CPU = Debug|Any CPU
		Release|Any CPU = Release|Any CPU
	EndGlobalSection
	GlobalSection(ProjectConfigurationPlatforms) = postSolution
		{965DBEC3-65AA-4754-981E-875692CB4AA1}.Debug|Any CPU.ActiveCfg = Debug|Any CPU
		{965DBEC3-65AA-4754-981E-875692CB4AA1}.Debug|Any CPU.Build.0 = Debug|Any CPU
		{965DBEC3-65AA-4754-981E-875692CB4AA1}.Release|Any CPU.ActiveCfg = Release|Any CPU
		{965DBEC3-65AA-4754-981E-875692CB4AA1}.Release|Any CPU.Build.0 = Release|Any CPU
		{99D50EC5-7A35-43B4-B9D5-FB505E5E5124}.Debug|Any CPU.ActiveCfg = Debug|Any CPU
		{99D50EC5-7A35-43B4-B9D5-FB505E5E5124}.Debug|Any CPU.Build.0 = Debug|Any CPU
		{99D50EC5-7A35-43B4-B9D5-FB505E5E5124}.Release|Any CPU.ActiveCfg = Release|Any CPU
		{99D50EC5-7A35-43B4-B9D5-FB505E5E5124}.Release|Any CPU.Build.0 = Release|Any CPU
		{BB45FC08-C619-4F7E-AB4D-39B40B94A4C2}.Debug|Any CPU.ActiveCfg = Debug|Any CPU
		{BB45FC08-C619-4F7E-AB4D-39B40B94A4C2}.Debug|Any CPU.Build.0 = Debug|Any CPU
		{BB45FC08-C619-4F7E-AB4D-39B40B94A4C2}.Release|Any CPU.ActiveCfg = Release|Any CPU
		{BB45FC08-C619-4F7E-AB4D-39B40B94A4C2}.Release|Any CPU.Build.0 = Release|Any CPU
	EndGlobalSection
	GlobalSection(SolutionProperties) = preSolution
		HideSolutionNode = FALSE
	EndGlobalSection
	GlobalSection(ExtensibilityGlobals) = postSolution
		SolutionGuid = {AABAAB1C-67E4-4F5D-9841-23003B31740E}
	EndGlobalSection
EndGlobal
